{
  "nodes": {
    "flake-utils": {
      "locked": {
        "lastModified": 1622445595,
        "narHash": "sha256-m+JRe6Wc5OZ/mKw2bB3+Tl0ZbtyxxxfnAWln8Q5qs+Y=",
        "owner": "numtide",
        "repo": "flake-utils",
        "rev": "7d706970d94bc5559077eb1a6600afddcd25a7c8",
        "type": "github"
      },
      "original": {
        "owner": "numtide",
        "repo": "flake-utils",
        "type": "github"
      }
    },
    "gitignore_src": {
      "flake": false,
      "locked": {
        "lastModified": 1611672876,
        "narHash": "sha256-qHu3uZ/o9jBHiA3MEKHJ06k7w4heOhA+4HCSIvflRxo=",
        "owner": "hercules-ci",
        "repo": "gitignore.nix",
        "rev": "211907489e9f198594c0eb0ca9256a1949c9d412",
        "type": "github"
      },
      "original": {
        "owner": "hercules-ci",
        "repo": "gitignore.nix",
        "type": "github"
      }
    },
    "glue_src": {
      "flake": false,
      "locked": {
        "lastModified": 1597910615,
        "narHash": "sha256-dVsa07eyfZ6gkZzWIKTbFSVdpqf8n+Hj9a+iGSi2H9w=",
        "owner": "justinmayer",
        "repo": "glue",
        "rev": "71c504de1544f9aa87d103508f231644d2505b21",
        "type": "github"
      },
      "original": {
        "owner": "justinmayer",
        "repo": "glue",
        "type": "github"
      }
    },
    "nixpkgs": {
      "locked": {
        "lastModified": 1622819516,
        "narHash": "sha256-D5q/6AjtD3pHCL9ZWa56opE5m/jkM5mfOgFV0usbsRQ=",
        "owner": "NixOS",
        "repo": "nixpkgs",
        "rev": "9232abe0317960710224000048c45cea326f42e1",
        "type": "github"
      },
      "original": {
        "id": "nixpkgs",
        "type": "indirect"
      }
    },
    "pelimoji_src": {
      "flake": false,
      "locked": {
        "lastModified": 1597997845,
        "narHash": "sha256-103HXD9FjQVvNpV2+VL3zeisIvy9ZPIxp7NdurdTouY=",
        "owner": "pelican-plugins",
        "repo": "pelimoji",
        "rev": "1907ce6805f56884c1e660344a6870acca62e4f0",
        "type": "github"
      },
      "original": {
        "owner": "pelican-plugins",
        "repo": "pelimoji",
        "type": "github"
      }
    },
    "root": {
      "inputs": {
        "flake-utils": "flake-utils",
        "gitignore_src": "gitignore_src",
        "glue_src": "glue_src",
        "nixpkgs": "nixpkgs",
        "pelimoji_src": "pelimoji_src"
      }
    }
  },
  "root": "root",
  "version": 7
}
